
Microsoft Visual Studio Solution File, Format Version 12.00
# Visual Studio Version 17
VisualStudioVersion = 17.11.35208.52
MinimumVisualStudioVersion = 10.0.40219.1
Project("{FAE04EC0-301F-11D3-BF4B-00C04F79EFBC}") = "Plinq", "Plinq.csproj", "{6586C23B-DCC0-46FD-98F2-CDDB694CA454}"
EndProject
Global
	GlobalSection(SolutionConfigurationPlatforms) = preSolution
		Debug|Any CPU = Debug|Any CPU
		Release|Any CPU = Release|Any CPU
	EndGlobalSection
	GlobalSection(ProjectConfigurationPlatforms) = postSolution
		{6586C23B-DCC0-46FD-98F2-CDDB694CA454}.Debug|Any CPU.ActiveCfg = Debug|Any CPU
		{6586C23B-DCC0-46FD-98F2-CDDB694CA454}.Debug|Any CPU.Build.0 = Debug|Any CPU
		{6586C23B-DCC0-46FD-98F2-CDDB694CA454}.Release|Any CPU.ActiveCfg = Release|Any CPU
		{6586C23B-DCC0-46FD-98F2-CDDB694CA454}.Release|Any CPU.Build.0 = Release|Any CPU
	EndGlobalSection
	GlobalSection(SolutionProperties) = preSolution
		HideSolutionNode = FALSE
	EndGlobalSection
	GlobalSection(ExtensibilityGlobals) = postSolution
		SolutionGuid = {948F9A64-E06B-42B2-A29A-AAAAACA1459A}
	EndGlobalSection
EndGlobal
